
Microsoft Visual Studio Solution File, Format Version 12.00
# Visual Studio Version 17
VisualStudioVersion = 17.14.36518.9 d17.14
MinimumVisualStudioVersion = 10.0.40219.1
Project("{FAE04EC0-301F-11D3-BF4B-00C04F79EFBC}") = "Square_OddNums", "Square_OddNums.csproj", "{90BF029B-A3DD-401F-AEBC-BD4945B9F0A2}"
EndProject
Global
	GlobalSection(SolutionConfigurationPlatforms) = preSolution
		Debug|Any CPU = Debug|Any CPU
		Release|Any CPU = Release|Any CPU
	EndGlobalSection
	GlobalSection(ProjectConfigurationPlatforms) = postSolution
		{90BF029B-A3DD-401F-AEBC-BD4945B9F0A2}.Debug|Any CPU.ActiveCfg = Debug|Any CPU
		{90BF029B-A3DD-401F-AEBC-BD4945B9F0A2}.Debug|Any CPU.Build.0 = Debug|Any CPU
		{90BF029B-A3DD-401F-AEBC-BD4945B9F0A2}.Release|Any CPU.ActiveCfg = Release|Any CPU
		{90BF029B-A3DD-401F-AEBC-BD4945B9F0A2}.Release|Any CPU.Build.0 = Release|Any CPU
	EndGlobalSection
	GlobalSection(SolutionProperties) = preSolution
		HideSolutionNode = FALSE
	EndGlobalSection
	GlobalSection(ExtensibilityGlobals) = postSolution
		SolutionGuid = {AD9AD15B-EB5B-4028-A6BE-84BC5D2E5146}
	EndGlobalSection
EndGlobal
