
Microsoft Visual Studio Solution File, Format Version 12.00
# Visual Studio Version 17
VisualStudioVersion = 17.14.36717.8 d17.14
MinimumVisualStudioVersion = 10.0.40219.1
Project("{FAE04EC0-301F-11D3-BF4B-00C04F79EFBC}") = "Book_src", "Book_src.csproj", "{BB4F9B64-6030-5E39-7A69-7FD2A378FB05}"
EndProject
Global
	GlobalSection(SolutionConfigurationPlatforms) = preSolution
		Debug|Any CPU = Debug|Any CPU
		Release|Any CPU = Release|Any CPU
	EndGlobalSection
	GlobalSection(ProjectConfigurationPlatforms) = postSolution
		{BB4F9B64-6030-5E39-7A69-7FD2A378FB05}.Debug|Any CPU.ActiveCfg = Debug|Any CPU
		{BB4F9B64-6030-5E39-7A69-7FD2A378FB05}.Debug|Any CPU.Build.0 = Debug|Any CPU
		{BB4F9B64-6030-5E39-7A69-7FD2A378FB05}.Release|Any CPU.ActiveCfg = Release|Any CPU
		{BB4F9B64-6030-5E39-7A69-7FD2A378FB05}.Release|Any CPU.Build.0 = Release|Any CPU
	EndGlobalSection
	GlobalSection(SolutionProperties) = preSolution
		HideSolutionNode = FALSE
	EndGlobalSection
	GlobalSection(ExtensibilityGlobals) = postSolution
		SolutionGuid = {CF757227-B5B7-4F81-921A-78AE786A2A7A}
	EndGlobalSection
EndGlobal
