
Microsoft Visual Studio Solution File, Format Version 12.00
# Visual Studio Version 17
VisualStudioVersion = 17.14.36518.9 d17.14
MinimumVisualStudioVersion = 10.0.40219.1
Project("{FAE04EC0-301F-11D3-BF4B-00C04F79EFBC}") = "EmptySquareMatrix", "EmptySquareMatrix.csproj", "{C87C1DC7-E0D2-4EF4-9D43-6F91469CAA03}"
EndProject
Global
	GlobalSection(SolutionConfigurationPlatforms) = preSolution
		Debug|Any CPU = Debug|Any CPU
		Release|Any CPU = Release|Any CPU
	EndGlobalSection
	GlobalSection(ProjectConfigurationPlatforms) = postSolution
		{C87C1DC7-E0D2-4EF4-9D43-6F91469CAA03}.Debug|Any CPU.ActiveCfg = Debug|Any CPU
		{C87C1DC7-E0D2-4EF4-9D43-6F91469CAA03}.Debug|Any CPU.Build.0 = Debug|Any CPU
		{C87C1DC7-E0D2-4EF4-9D43-6F91469CAA03}.Release|Any CPU.ActiveCfg = Release|Any CPU
		{C87C1DC7-E0D2-4EF4-9D43-6F91469CAA03}.Release|Any CPU.Build.0 = Release|Any CPU
	EndGlobalSection
	GlobalSection(SolutionProperties) = preSolution
		HideSolutionNode = FALSE
	EndGlobalSection
	GlobalSection(ExtensibilityGlobals) = postSolution
		SolutionGuid = {068FD64F-C645-454D-ACE2-E6606F45B7EB}
	EndGlobalSection
EndGlobal
